
Microsoft Visual Studio Solution File, Format Version 12.00
Project("{FAE04EC0-301F-11D3-BF4B-00C04F79EFBC}") = "FS", "FS\FS.csproj", "{3F45174F-CD0F-45F4-97C9-E19D6707FABF}"
EndProject
Project("{FAE04EC0-301F-11D3-BF4B-00C04F79EFBC}") = "FS.Tests", "FS.Tests\FS.Tests.csproj", "{0CEDF548-78F1-4074-BE0E-7D5D2E840113}"
EndProject
Global
	GlobalSection(SolutionConfigurationPlatforms) = preSolution
		Debug|Any CPU = Debug|Any CPU
		Release|Any CPU = Release|Any CPU
	EndGlobalSection
	GlobalSection(ProjectConfigurationPlatforms) = postSolution
		{3F45174F-CD0F-45F4-97C9-E19D6707FABF}.Debug|Any CPU.ActiveCfg = Debug|Any CPU
		{3F45174F-CD0F-45F4-97C9-E19D6707FABF}.Debug|Any CPU.Build.0 = Debug|Any CPU
		{3F45174F-CD0F-45F4-97C9-E19D6707FABF}.Release|Any CPU.ActiveCfg = Release|Any CPU
		{3F45174F-CD0F-45F4-97C9-E19D6707FABF}.Release|Any CPU.Build.0 = Release|Any CPU
		{0CEDF548-78F1-4074-BE0E-7D5D2E840113}.Debug|Any CPU.ActiveCfg = Debug|Any CPU
		{0CEDF548-78F1-4074-BE0E-7D5D2E840113}.Debug|Any CPU.Build.0 = Debug|Any CPU
		{0CEDF548-78F1-4074-BE0E-7D5D2E840113}.Release|Any CPU.ActiveCfg = Release|Any CPU
		{0CEDF548-78F1-4074-BE0E-7D5D2E840113}.Release|Any CPU.Build.0 = Release|Any CPU
	EndGlobalSection
EndGlobal
